// !$*UTF8*$!
{
	archiveVersion = 1;
	classes = {
	};
	objectVersion = 56;
	objects = {

/* Begin PBXBuildFile section */
		A802B7AD293F30C70091467C /* AppDelegate.swift in Sources */ = {isa = PBXBuildFile; fileRef = A802B7AC293F30C70091467C /* AppDelegate.swift */; };
		A802B7AF293F30C70091467C /* SceneDelegate.swift in Sources */ = {isa = PBXBuildFile; fileRef = A802B7AE293F30C70091467C /* SceneDelegate.swift */; };
		A802B7B1293F30C70091467C /* ViewController.swift in Sources */ = {isa = PBXBuildFile; fileRef = A802B7B0293F30C70091467C /* ViewController.swift */; };
		A802B7B4293F30C70091467C /* Main.storyboard in Resources */ = {isa = PBXBuildFile; fileRef = A802B7B2293F30C70091467C /* Main.storyboard */; };
		A802B7B6293F30C80091467C /* Assets.xcassets in Resources */ = {isa = PBXBuildFile; fileRef = A802B7B5293F30C80091467C /* Assets.xcassets */; };
		A802B7B9293F30C80091467C /* LaunchScreen.storyboard in Resources */ = {isa = PBXBuildFile; fileRef = A802B7B7293F30C80091467C /* LaunchScreen.storyboard */; };
		A802B7C4293F30C90091467C /* NetFlixDomoTests.swift in Sources */ = {isa = PBXBuildFile; fileRef = A802B7C3293F30C90091467C /* NetFlixDomoTests.swift */; };
		A802B7CE293F30C90091467C /* NetFlixDomoUITests.swift in Sources */ = {isa = PBXBuildFile; fileRef = A802B7CD293F30C90091467C /* NetFlixDomoUITests.swift */; };
		A802B7D0293F30C90091467C /* NetFlixDomoUITestsLaunchTests.swift in Sources */ = {isa = PBXBuildFile; fileRef = A802B7CF293F30C90091467C /* NetFlixDomoUITestsLaunchTests.swift */; };
/* End PBXBuildFile section */

/* Begin PBXContainerItemProxy section */
		A802B7C0293F30C90091467C /* PBXContainerItemProxy */ = {
			isa = PBXContainerItemProxy;
			containerPortal = A802B7A1293F30C70091467C /* Project object */;
			proxyType = 1;
			remoteGlobalIDString = A802B7A8293F30C70091467C;
			remoteInfo = NetFlixDomo;
		};
		A802B7CA293F30C90091467C /* PBXContainerItemProxy */ = {
			isa = PBXContainerItemProxy;
			containerPortal = A802B7A1293F30C70091467C /* Project object */;
			proxyType = 1;
			remoteGlobalIDString = A802B7A8293F30C70091467C;
			remoteInfo = NetFlixDomo;
		};
/* End PBXContainerItemProxy section */

/* Begin PBXFileReference section */
		A802B7A9293F30C70091467C /* NetFlixDomo.app */ = {isa = PBXFileReference; explicitFileType = wrapper.application; includeInIndex = 0; path = NetFlixDomo.app; sourceTree = BUILT_PRODUCTS_DIR; };
		A802B7AC293F30C70091467C /* AppDelegate.swift */ = {isa = PBXFileReference; lastKnownFileType = sourcecode.swift; path = AppDelegate.swift; sourceTree = "<group>"; };
		A802B7AE293F30C70091467C /* SceneDelegate.swift */ = {isa = PBXFileReference; lastKnownFileType = sourcecode.swift; path = SceneDelegate.swift; sourceTree = "<group>"; };
		A802B7B0293F30C70091467C /* ViewController.swift */ = {isa = PBXFileReference; lastKnownFileType = sourcecode.swift; path = ViewController.swift; sourceTree = "<group>"; };
		A802B7B3293F30C70091467C /* Base */ = {isa = PBXFileReference; lastKnownFileType = file.storyboard; name = Base; path = Base.lproj/Main.storyboard; sourceTree = "<group>"; };
		A802B7B5293F30C80091467C /* Assets.xcassets */ = {isa = PBXFileReference; lastKnownFileType = folder.assetcatalog; path = Assets.xcassets; sourceTree = "<group>"; };
		A802B7B8293F30C80091467C /* Base */ = {isa = PBXFileReference; lastKnownFileType = file.storyboard; name = Base; path = Base.lproj/LaunchScreen.storyboard; sourceTree = "<group>"; };
		A802B7BA293F30C80091467C /* Info.plist */ = {isa = PBXFileReference; lastKnownFileType = text.plist.xml; path = Info.plist; sourceTree = "<group>"; };
		A802B7BF293F30C90091467C /* NetFlixDomoTests.xctest */ = {isa = PBXFileReference; explicitFileType = wrapper.cfbundle; includeInIndex = 0; path = NetFlixDomoTests.xctest; sourceTree = BUILT_PRODUCTS_DIR; };
		A802B7C3293F30C90091467C /* NetFlixDomoTests.swift */ = {isa = PBXFileReference; lastKnownFileType = sourcecode.swift; path = NetFlixDomoTests.swift; sourceTree = "<group>"; };
		A802B7C9293F30C90091467C /* NetFlixDomoUITests.xctest */ = {isa = PBXFileReference; explicitFileType = wrapper.cfbundle; includeInIndex = 0; path = NetFlixDomoUITests.xctest; sourceTree = BUILT_PRODUCTS_DIR; };
		A802B7CD293F30C90091467C /* NetFlixDomoUITests.swift */ = {isa = PBXFileReference; lastKnownFileType = sourcecode.swift; path = NetFlixDomoUITests.swift; sourceTree = "<group>"; };
		A802B7CF293F30C90091467C /* NetFlixDomoUITestsLaunchTests.swift */ = {isa = PBXFileReference; lastKnownFileType = sourcecode.swift; path = NetFlixDomoUITestsLaunchTests.swift; sourceTree = "<group>"; };
/* End PBXFileReference section */

/* Begin PBXFrameworksBuildPhase section */
		A802B7A6293F30C70091467C /* Frameworks */ = {
			isa = PBXFrameworksBuildPhase;
			buildActionMask = 2147483647;
			files = (
			);
			runOnlyForDeploymentPostprocessing = 0;
		};
		A802B7BC293F30C90091467C /* Frameworks */ = {
			isa = PBXFrameworksBuildPhase;
			buildActionMask = 2147483647;
			files = (
			);
			runOnlyForDeploymentPostprocessing = 0;
		};
		A802B7C6293F30C90091467C /* Frameworks */ = {
			isa = PBXFrameworksBuildPhase;
			buildActionMask = 2147483647;
			files = (
			);
			runOnlyForDeploymentPostprocessing = 0;
		};
/* End PBXFrameworksBuildPhase section */

/* Begin PBXGroup section */
		A802B7A0293F30C70091467C = {
			isa = PBXGroup;
			children = (
				A802B7AB293F30C70091467C /* NetFlixDomo */,
				A802B7C2293F30C90091467C /* NetFlixDomoTests */,
				A802B7CC293F30C90091467C /* NetFlixDomoUITests */,
				A802B7AA293F30C70091467C /* Products */,
			);
			sourceTree = "<group>";
		};
		A802B7AA293F30C70091467C /* Products */ = {
			isa = PBXGroup;
			children = (
				A802B7A9293F30C70091467C /* NetFlixDomo.app */,
				A802B7BF293F30C90091467C /* NetFlixDomoTests.xctest */,
				A802B7C9293F30C90091467C /* NetFlixDomoUITests.xctest */,
			);
			name = Products;
			sourceTree = "<group>";
		};
		A802B7AB293F30C70091467C /* NetFlixDomo */ = {
			isa = PBXGroup;
			children = (
				A802B7AC293F30C70091467C /* AppDelegate.swift */,
				A802B7AE293F30C70091467C /* SceneDelegate.swift */,
				A802B7B0293F30C70091467C /* ViewController.swift */,
				A802B7B2293F30C70091467C /* Main.storyboard */,
				A802B7B5293F30C80091467C /* Assets.xcassets */,
				A802B7B7293F30C80091467C /* LaunchScreen.storyboard */,
				A802B7BA293F30C80091467C /* Info.plist */,
			);
			path = NetFlixDomo;
			sourceTree = "<group>";
		};
		A802B7C2293F30C90091467C /* NetFlixDomoTests */ = {
			isa = PBXGroup;
			children = (
				A802B7C3293F30C90091467C /* NetFlixDomoTests.swift */,
			);
			path = NetFlixDomoTests;
			sourceTree = "<group>";
		};
		A802B7CC293F30C90091467C /* NetFlixDomoUITests */ = {
			isa = PBXGroup;
			children = (
				A802B7CD293F30C90091467C /* NetFlixDomoUITests.swift */,
				A802B7CF293F30C90091467C /* NetFlixDomoUITestsLaunchTests.swift */,
			);
			path = NetFlixDomoUITests;
			sourceTree = "<group>";
		};
/* End PBXGroup section */

/* Begin PBXNativeTarget section */
		A802B7A8293F30C70091467C /* NetFlixDomo */ = {
			isa = PBXNativeTarget;
			buildConfigurationList = A802B7D3293F30C90091467C /* Build configuration list for PBXNativeTarget "NetFlixDomo" */;
			buildPhases = (
				A802B7A5293F30C70091467C /* Sources */,
				A802B7A6293F30C70091467C /* Frameworks */,
				A802B7A7293F30C70091467C /* Resources */,
			);
			buildRules = (
			);
			dependencies = (
			);
			name = NetFlixDomo;
			productName = NetFlixDomo;
			productReference = A802B7A9293F30C70091467C /* NetFlixDomo.app */;
			productType = "com.apple.product-type.application";
		};
		A802B7BE293F30C90091467C /* NetFlixDomoTests */ = {
			isa = PBXNativeTarget;
			buildConfigurationList = A802B7D6293F30C90091467C /* Build configuration list for PBXNativeTarget "NetFlixDomoTests" */;
			buildPhases = (
				A802B7BB293F30C90091467C /* Sources */,
				A802B7BC293F30C90091467C /* Frameworks */,
				A802B7BD293F30C90091467C /* Resources */,
			);
			buildRules = (
			);
			dependencies = (
				A802B7C1293F30C90091467C /* PBXTargetDependency */,
			);
			name = NetFlixDomoTests;
			productName = NetFlixDomoTests;
			productReference = A802B7BF293F30C90091467C /* NetFlixDomoTests.xctest */;
			productType = "com.apple.product-type.bundle.unit-test";
		};
		A802B7C8293F30C90091467C /* NetFlixDomoUITests */ = {
			isa = PBXNativeTarget;
			buildConfigurationList = A802B7D9293F30C90091467C /* Build configuration list for PBXNativeTarget "NetFlixDomoUITests" */;
			buildPhases = (
				A802B7C5293F30C90091467C /* Sources */,
				A802B7C6293F30C90091467C /* Frameworks */,
				A802B7C7293F30C90091467C /* Resources */,
			);
			buildRules = (
			);
			dependencies = (
				A802B7CB293F30C90091467C /* PBXTargetDependency */,
			);
			name = NetFlixDomoUITests;
			productName = NetFlixDomoUITests;
			productReference = A802B7C9293F30C90091467C /* NetFlixDomoUITests.xctest */;
			productType = "com.apple.product-type.bundle.ui-testing";
		};
/* End PBXNativeTarget section */

/* Begin PBXProject section */
		A802B7A1293F30C70091467C /* Project object */ = {
			isa = PBXProject;
			attributes = {
				BuildIndependentTargetsInParallel = 1;
				LastSwiftUpdateCheck = 1410;
				LastUpgradeCheck = 1410;
				TargetAttributes = {
					A802B7A8293F30C70091467C = {
						CreatedOnToolsVersion = 14.1;
					};
					A802B7BE293F30C90091467C = {
						CreatedOnToolsVersion = 14.1;
						TestTargetID = A802B7A8293F30C70091467C;
					};
					A802B7C8293F30C90091467C = {
						CreatedOnToolsVersion = 14.1;
						TestTargetID = A802B7A8293F30C70091467C;
					};
				};
			};
			buildConfigurationList = A802B7A4293F30C70091467C /* Build configuration list for PBXProject "NetFlixDomo" */;
			compatibilityVersion = "Xcode 14.0";
			developmentRegion = en;
			hasScannedForEncodings = 0;
			knownRegions = (
				en,
				Base,
			);
			mainGroup = A802B7A0293F30C70091467C;
			productRefGroup = A802B7AA293F30C70091467C /* Products */;
			projectDirPath = "";
			projectRoot = "";
			targets = (
				A802B7A8293F30C70091467C /* NetFlixDomo */,
				A802B7BE293F30C90091467C /* NetFlixDomoTests */,
				A802B7C8293F30C90091467C /* NetFlixDomoUITests */,
			);
		};
/* End PBXProject section */

/* Begin PBXResourcesBuildPhase section */
		A802B7A7293F30C70091467C /* Resources */ = {
			isa = PBXResourcesBuildPhase;
			buildActionMask = 2147483647;
			files = (
				A802B7B9293F30C80091467C /* LaunchScreen.storyboard in Resources */,
				A802B7B6293F30C80091467C /* Assets.xcassets in Resources */,
				A802B7B4293F30C70091467C /* Main.storyboard in Resources */,
			);
			runOnlyForDeploymentPostprocessing = 0;
		};
		A802B7BD293F30C90091467C /* Resources */ = {
			isa = PBXResourcesBuildPhase;
			buildActionMask = 2147483647;
			files = (
			);
			runOnlyForDeploymentPostprocessing = 0;
		};
		A802B7C7293F30C90091467C /* Resources */ = {
			isa = PBXResourcesBuildPhase;
			buildActionMask = 2147483647;
			files = (
			);
			runOnlyForDeploymentPostprocessing = 0;
		};
/* End PBXResourcesBuildPhase section */

/* Begin PBXSourcesBuildPhase section */
		A802B7A5293F30C70091467C /* Sources */ = {
			isa = PBXSourcesBuildPhase;
			buildActionMask = 2147483647;
			files = (
				A802B7B1293F30C70091467C /* ViewController.swift in Sources */,
				A802B7AD293F30C70091467C /* AppDelegate.swift in Sources */,
				A802B7AF293F30C70091467C /* SceneDelegate.swift in Sources */,
			);
			runOnlyForDeploymentPostprocessing = 0;
		};
		A802B7BB293F30C90091467C /* Sources */ = {
			isa = PBXSourcesBuildPhase;
			buildActionMask = 2147483647;
			files = (
				A802B7C4293F30C90091467C /* NetFlixDomoTests.swift in Sources */,
			);
			runOnlyForDeploymentPostprocessing = 0;
		};
		A802B7C5293F30C90091467C /* Sources */ = {
			isa = PBXSourcesBuildPhase;
			buildActionMask = 2147483647;
			files = (
				A802B7D0293F30C90091467C /* NetFlixDomoUITestsLaunchTests.swift in Sources */,
				A802B7CE293F30C90091467C /* NetFlixDomoUITests.swift in Sources */,
			);
			runOnlyForDeploymentPostprocessing = 0;
		};
/* End PBXSourcesBuildPhase section */

/* Begin PBXTargetDependency section */
		A802B7C1293F30C90091467C /* PBXTargetDependency */ = {
			isa = PBXTargetDependency;
			target = A802B7A8293F30C70091467C /* NetFlixDomo */;
			targetProxy = A802B7C0293F30C90091467C /* PBXContainerItemProxy */;
		};
		A802B7CB293F30C90091467C /* PBXTargetDependency */ = {
			isa = PBXTargetDependency;
			target = A802B7A8293F30C70091467C /* NetFlixDomo */;
			targetProxy = A802B7CA293F30C90091467C /* PBXContainerItemProxy */;
		};
/* End PBXTargetDependency section */

/* Begin PBXVariantGroup section */
		A802B7B2293F30C70091467C /* Main.storyboard */ = {
			isa = PBXVariantGroup;
			children = (
				A802B7B3293F30C70091467C /* Base */,
			);
			name = Main.storyboard;
			sourceTree = "<group>";
		};
		A802B7B7293F30C80091467C /* LaunchScreen.storyboard */ = {
			isa = PBXVariantGroup;
			children = (
				A802B7B8293F30C80091467C /* Base */,
			);
			name = LaunchScreen.storyboard;
			sourceTree = "<group>";
		};
/* End PBXVariantGroup section */

/* Begin XCBuildConfiguration section */
		A802B7D1293F30C90091467C /* Debug */ = {
			isa = XCBuildConfiguration;
			buildSettings = {
				ALWAYS_SEARCH_USER_PATHS = NO;
				CLANG_ANALYZER_NONNULL = YES;
				CLANG_ANALYZER_NUMBER_OBJECT_CONVERSION = YES_AGGRESSIVE;
				CLANG_CXX_LANGUAGE_STANDARD = "gnu++20";
				CLANG_ENABLE_MODULES = YES;
				CLANG_ENABLE_OBJC_ARC = YES;
				CLANG_ENABLE_OBJC_WEAK = YES;
				CLANG_WARN_BLOCK_CAPTURE_AUTORELEASING = YES;
				CLANG_WARN_BOOL_CONVERSION = YES;
				CLANG_WARN_COMMA = YES;
				CLANG_WARN_CONSTANT_CONVERSION = YES;
				CLANG_WARN_DEPRECATED_OBJC_IMPLEMENTATIONS = YES;
				CLANG_WARN_DIRECT_OBJC_ISA_USAGE = YES_ERROR;
				CLANG_WARN_DOCUMENTATION_COMMENTS = YES;
				CLANG_WARN_EMPTY_BODY = YES;
				CLANG_WARN_ENUM_CONVERSION = YES;
				CLANG_WARN_INFINITE_RECURSION = YES;
				CLANG_WARN_INT_CONVERSION = YES;
				CLANG_WARN_NON_LITERAL_NULL_CONVERSION = YES;
				CLANG_WARN_OBJC_IMPLICIT_RETAIN_SELF = YES;
				CLANG_WARN_OBJC_LITERAL_CONVERSION = YES;
				CLANG_WARN_OBJC_ROOT_CLASS = YES_ERROR;
				CLANG_WARN_QUOTED_INCLUDE_IN_FRAMEWORK_HEADER = YES;
				CLANG_WARN_RANGE_LOOP_ANALYSIS = YES;
				CLANG_WARN_STRICT_PROTOTYPES = YES;
				CLANG_WARN_SUSPICIOUS_MOVE = YES;
				CLANG_WARN_UNGUARDED_AVAILABILITY = YES_AGGRESSIVE;
				CLANG_WARN_UNREACHABLE_CODE = YES;
				CLANG_WARN__DUPLICATE_METHOD_MATCH = YES;
				COPY_PHASE_STRIP = NO;
				DEBUG_INFORMATION_FORMAT = dwarf;
				ENABLE_STRICT_OBJC_MSGSEND = YES;
				ENABLE_TESTABILITY = YES;
				GCC_C_LANGUAGE_STANDARD = gnu11;
				GCC_DYNAMIC_NO_PIC = NO;
				GCC_NO_COMMON_BLOCKS = YES;
				GCC_OPTIMIZATION_LEVEL = 0;
				GCC_PREPROCESSOR_DEFINITIONS = (
					"DEBUG=1",
					"$(inherited)",
				);
				GCC_WARN_64_TO_32_BIT_CONVERSION = YES;
				GCC_WARN_ABOUT_RETURN_TYPE = YES_ERROR;
				GCC_WARN_UNDECLARED_SELECTOR = YES;
				GCC_WARN_UNINITIALIZED_AUTOS = YES_AGGRESSIVE;
				GCC_WARN_UNUSED_FUNCTION = YES;
				GCC_WARN_UNUSED_VARIABLE = YES;
				IPHONEOS_DEPLOYMENT_TARGET = 16.1;
				MTL_ENABLE_DEBUG_INFO = INCLUDE_SOURCE;
				MTL_FAST_MATH = YES;
				ONLY_ACTIVE_ARCH = YES;
				SDKROOT = iphoneos;
				SWIFT_ACTIVE_COMPILATION_CONDITIONS = DEBUG;
				SWIFT_OPTIMIZATION_LEVEL = "-Onone";
			};
			name = Debug;
		};
		A802B7D2293F30C90091467C /* Release */ = {
			isa = XCBuildConfiguration;
			buildSettings = {
				ALWAYS_SEARCH_USER_PATHS = NO;
				CLANG_ANALYZER_NONNULL = YES;
				CLANG_ANALYZER_NUMBER_OBJECT_CONVERSION = YES_AGGRESSIVE;
				CLANG_CXX_LANGUAGE_STANDARD = "gnu++20";
				CLANG_ENABLE_MODULES = YES;
				CLANG_ENABLE_OBJC_ARC = YES;
				CLANG_ENABLE_OBJC_WEAK = YES;
				CLANG_WARN_BLOCK_CAPTURE_AUTORELEASING = YES;
				CLANG_WARN_BOOL_CONVERSION = YES;
				CLANG_WARN_COMMA = YES;
				CLANG_WARN_CONSTANT_CONVERSION = YES;
				CLANG_WARN_DEPRECATED_OBJC_IMPLEMENTATIONS = YES;
				CLANG_WARN_DIRECT_OBJC_ISA_USAGE = YES_ERROR;
				CLANG_WARN_DOCUMENTATION_COMMENTS = YES;
				CLANG_WARN_EMPTY_BODY = YES;
				CLANG_WARN_ENUM_CONVERSION = YES;
				CLANG_WARN_INFINITE_RECURSION = YES;
				CLANG_WARN_INT_CONVERSION = YES;
				CLANG_WARN_NON_LITERAL_NULL_CONVERSION = YES;
				CLANG_WARN_OBJC_IMPLICIT_RETAIN_SELF = YES;
				CLANG_WARN_OBJC_LITERAL_CONVERSION = YES;
				CLANG_WARN_OBJC_ROOT_CLASS = YES_ERROR;
				CLANG_WARN_QUOTED_INCLUDE_IN_FRAMEWORK_HEADER = YES;
				CLANG_WARN_RANGE_LOOP_ANALYSIS = YES;
				CLANG_WARN_STRICT_PROTOTYPES = YES;
				CLANG_WARN_SUSPICIOUS_MOVE = YES;
				CLANG_WARN_UNGUARDED_AVAILABILITY = YES_AGGRESSIVE;
				CLANG_WARN_UNREACHABLE_CODE = YES;
				CLANG_WARN__DUPLICATE_METHOD_MATCH = YES;
				COPY_PHASE_STRIP = NO;
				DEBUG_INFORMATION_FORMAT = "dwarf-with-dsym";
				ENABLE_NS_ASSERTIONS = NO;
				ENABLE_STRICT_OBJC_MSGSEND = YES;
				GCC_C_LANGUAGE_STANDARD = gnu11;
				GCC_NO_COMMON_BLOCKS = YES;
				GCC_WARN_64_TO_32_BIT_CONVERSION = YES;
				GCC_WARN_ABOUT_RETURN_TYPE = YES_ERROR;
				GCC_WARN_UNDECLARED_SELECTOR = YES;
				GCC_WARN_UNINITIALIZED_AUTOS = YES_AGGRESSIVE;
				GCC_WARN_UNUSED_FUNCTION = YES;
				GCC_WARN_UNUSED_VARIABLE = YES;
				IPHONEOS_DEPLOYMENT_TARGET = 16.1;
				MTL_ENABLE_DEBUG_INFO = NO;
				MTL_FAST_MATH = YES;
				SDKROOT = iphoneos;
				SWIFT_COMPILATION_MODE = wholemodule;
				SWIFT_OPTIMIZATION_LEVEL = "-O";
				VALIDATE_PRODUCT = YES;
			};
			name = Release;
		};
		A802B7D4293F30C90091467C /* Debug */ = {
			isa = XCBuildConfiguration;
			buildSettings = {
				ASSETCATALOG_COMPILER_APPICON_NAME = AppIcon;
				ASSETCATALOG_COMPILER_GLOBAL_ACCENT_COLOR_NAME = AccentColor;
				CODE_SIGN_STYLE = Automatic;
				CURRENT_PROJECT_VERSION = 1;
				DEVELOPMENT_TEAM = AK7S865VNK;
				GENERATE_INFOPLIST_FILE = YES;
				INFOPLIST_FILE = NetFlixDomo/Info.plist;
				INFOPLIST_KEY_UIApplicationSupportsIndirectInputEvents = YES;
				INFOPLIST_KEY_UILaunchStoryboardName = LaunchScreen;
				INFOPLIST_KEY_UIMainStoryboardFile = Main;
				INFOPLIST_KEY_UISupportedInterfaceOrientations_iPad = "UIInterfaceOrientationPortrait UIInterfaceOrientationPortraitUpsideDown UIInterfaceOrientationLandscapeLeft UIInterfaceOrientationLandscapeRight";
				INFOPLIST_KEY_UISupportedInterfaceOrientations_iPhone = "UIInterfaceOrientationPortrait UIInterfaceOrientationLandscapeLeft UIInterfaceOrientationLandscapeRight";
				LD_RUNPATH_SEARCH_PATHS = (
					"$(inherited)",
					"@executable_path/Frameworks",
				);
				MARKETING_VERSION = 1.0;
				PRODUCT_BUNDLE_IDENTIFIER = G2.NetFlixDomo;
				PRODUCT_NAME = "$(TARGET_NAME)";
				SWIFT_EMIT_LOC_STRINGS = YES;
				SWIFT_VERSION = 5.0;
				TARGETED_DEVICE_FAMILY = "1,2";
			};
			name = Debug;
		};
		A802B7D5293F30C90091467C /* Release */ = {
			isa = XCBuildConfiguration;
			buildSettings = {
				ASSETCATALOG_COMPILER_APPICON_NAME = AppIcon;
				ASSETCATALOG_COMPILER_GLOBAL_ACCENT_COLOR_NAME = AccentColor;
				CODE_SIGN_STYLE = Automatic;
				CURRENT_PROJECT_VERSION = 1;
				DEVELOPMENT_TEAM = AK7S865VNK;
				GENERATE_INFOPLIST_FILE = YES;
				INFOPLIST_FILE = NetFlixDomo/Info.plist;
				INFOPLIST_KEY_UIApplicationSupportsIndirectInputEvents = YES;
				INFOPLIST_KEY_UILaunchStoryboardName = LaunchScreen;
				INFOPLIST_KEY_UIMainStoryboardFile = Main;
				INFOPLIST_KEY_UISupportedInterfaceOrientations_iPad = "UIInterfaceOrientationPortrait UIInterfaceOrientationPortraitUpsideDown UIInterfaceOrientationLandscapeLeft UIInterfaceOrientationLandscapeRight";
				INFOPLIST_KEY_UISupportedInterfaceOrientations_iPhone = "UIInterfaceOrientationPortrait UIInterfaceOrientationLandscapeLeft UIInterfaceOrientationLandscapeRight";
				LD_RUNPATH_SEARCH_PATHS = (
					"$(inherited)",
					"@executable_path/Frameworks",
				);
				MARKETING_VERSION = 1.0;
				PRODUCT_BUNDLE_IDENTIFIER = G2.NetFlixDomo;
				PRODUCT_NAME = "$(TARGET_NAME)";
				SWIFT_EMIT_LOC_STRINGS = YES;
				SWIFT_VERSION = 5.0;
				TARGETED_DEVICE_FAMILY = "1,2";
			};
			name = Release;
		};
		A802B7D7293F30C90091467C /* Debug */ = {
			isa = XCBuildConfiguration;
			buildSettings = {
				ALWAYS_EMBED_SWIFT_STANDARD_LIBRARIES = YES;
				BUNDLE_LOADER = "$(TEST_HOST)";
				CODE_SIGN_STYLE = Automatic;
				CURRENT_PROJECT_VERSION = 1;
				DEVELOPMENT_TEAM = AK7S865VNK;
				GENERATE_INFOPLIST_FILE = YES;
				IPHONEOS_DEPLOYMENT_TARGET = 16.1;
				MARKETING_VERSION = 1.0;
				PRODUCT_BUNDLE_IDENTIFIER = G2.NetFlixDomoTests;
				PRODUCT_NAME = "$(TARGET_NAME)";
				SWIFT_EMIT_LOC_STRINGS = NO;
				SWIFT_VERSION = 5.0;
				TARGETED_DEVICE_FAMILY = "1,2";
				TEST_HOST = "$(BUILT_PRODUCTS_DIR)/NetFlixDomo.app/$(BUNDLE_EXECUTABLE_FOLDER_PATH)/NetFlixDomo";
			};
			name = Debug;
		};
		A802B7D8293F30C90091467C /* Release */ = {
			isa = XCBuildConfiguration;
			buildSettings = {
				ALWAYS_EMBED_SWIFT_STANDARD_LIBRARIES = YES;
				BUNDLE_LOADER = "$(TEST_HOST)";
				CODE_SIGN_STYLE = Automatic;
				CURRENT_PROJECT_VERSION = 1;
				DEVELOPMENT_TEAM = AK7S865VNK;
				GENERATE_INFOPLIST_FILE = YES;
				IPHONEOS_DEPLOYMENT_TARGET = 16.1;
				MARKETING_VERSION = 1.0;
				PRODUCT_BUNDLE_IDENTIFIER = G2.NetFlixDomoTests;
				PRODUCT_NAME = "$(TARGET_NAME)";
				SWIFT_EMIT_LOC_STRINGS = NO;
				SWIFT_VERSION = 5.0;
				TARGETED_DEVICE_FAMILY = "1,2";
				TEST_HOST = "$(BUILT_PRODUCTS_DIR)/NetFlixDomo.app/$(BUNDLE_EXECUTABLE_FOLDER_PATH)/NetFlixDomo";
			};
			name = Release;
		};
		A802B7DA293F30C90091467C /* Debug */ = {
			isa = XCBuildConfiguration;
			buildSettings = {
				ALWAYS_EMBED_SWIFT_STANDARD_LIBRARIES = YES;
				CODE_SIGN_STYLE = Automatic;
				CURRENT_PROJECT_VERSION = 1;
				DEVELOPMENT_TEAM = AK7S865VNK;
				GENERATE_INFOPLIST_FILE = YES;
				MARKETING_VERSION = 1.0;
				PRODUCT_BUNDLE_IDENTIFIER = G2.NetFlixDomoUITests;
				PRODUCT_NAME = "$(TARGET_NAME)";
				SWIFT_EMIT_LOC_STRINGS = NO;
				SWIFT_VERSION = 5.0;
				TARGETED_DEVICE_FAMILY = "1,2";
				TEST_TARGET_NAME = NetFlixDomo;
			};
			name = Debug;
		};
		A802B7DB293F30C90091467C /* Release */ = {
			isa = XCBuildConfiguration;
			buildSettings = {
				ALWAYS_EMBED_SWIFT_STANDARD_LIBRARIES = YES;
				CODE_SIGN_STYLE = Automatic;
				CURRENT_PROJECT_VERSION = 1;
				DEVELOPMENT_TEAM = AK7S865VNK;
				GENERATE_INFOPLIST_FILE = YES;
				MARKETING_VERSION = 1.0;
				PRODUCT_BUNDLE_IDENTIFIER = G2.NetFlixDomoUITests;
				PRODUCT_NAME = "$(TARGET_NAME)";
				SWIFT_EMIT_LOC_STRINGS = NO;
				SWIFT_VERSION = 5.0;
				TARGETED_DEVICE_FAMILY = "1,2";
				TEST_TARGET_NAME = NetFlixDomo;
			};
			name = Release;
		};
/* End XCBuildConfiguration section */

/* Begin XCConfigurationList section */
		A802B7A4293F30C70091467C /* Build configuration list for PBXProject "NetFlixDomo" */ = {
			isa = XCConfigurationList;
			buildConfigurations = (
				A802B7D1293F30C90091467C /* Debug */,
				A802B7D2293F30C90091467C /* Release */,
			);
			defaultConfigurationIsVisible = 0;
			defaultConfigurationName = Release;
		};
		A802B7D3293F30C90091467C /* Build configuration list for PBXNativeTarget "NetFlixDomo" */ = {
			isa = XCConfigurationList;
			buildConfigurations = (
				A802B7D4293F30C90091467C /* Debug */,
				A802B7D5293F30C90091467C /* Release */,
			);
			defaultConfigurationIsVisible = 0;
			defaultConfigurationName = Release;
		};
		A802B7D6293F30C90091467C /* Build configuration list for PBXNativeTarget "NetFlixDomoTests" */ = {
			isa = XCConfigurationList;
			buildConfigurations = (
				A802B7D7293F30C90091467C /* Debug */,
				A802B7D8293F30C90091467C /* Release */,
			);
			defaultConfigurationIsVisible = 0;
			defaultConfigurationName = Release;
		};
		A802B7D9293F30C90091467C /* Build configuration list for PBXNativeTarget "NetFlixDomoUITests" */ = {
			isa = XCConfigurationList;
			buildConfigurations = (
				A802B7DA293F30C90091467C /* Debug */,
				A802B7DB293F30C90091467C /* Release */,
			);
			defaultConfigurationIsVisible = 0;
			defaultConfigurationName = Release;
		};
/* End XCConfigurationList section */
	};
	rootObject = A802B7A1293F30C70091467C /* Project object */;
}
